
Microsoft Visual Studio Solution File, Format Version 12.00
# Visual Studio Version 17
VisualStudioVersion = 17.7.34221.43
MinimumVisualStudioVersion = 10.0.40219.1
Project("{FAE04EC0-301F-11D3-BF4B-00C04F79EFBC}") = "Day6-Assignment 1", "Day6-Assignment 1\Day6-Assignment 1.csproj", "{FC802DB4-588C-4BBA-8830-7158BA880C98}"
EndProject
Global
	GlobalSection(SolutionConfigurationPlatforms) = preSolution
		Debug|Any CPU = Debug|Any CPU
		Release|Any CPU = Release|Any CPU
	EndGlobalSection
	GlobalSection(ProjectConfigurationPlatforms) = postSolution
		{FC802DB4-588C-4BBA-8830-7158BA880C98}.Debug|Any CPU.ActiveCfg = Debug|Any CPU
		{FC802DB4-588C-4BBA-8830-7158BA880C98}.Debug|Any CPU.Build.0 = Debug|Any CPU
		{FC802DB4-588C-4BBA-8830-7158BA880C98}.Release|Any CPU.ActiveCfg = Release|Any CPU
		{FC802DB4-588C-4BBA-8830-7158BA880C98}.Release|Any CPU.Build.0 = Release|Any CPU
	EndGlobalSection
	GlobalSection(SolutionProperties) = preSolution
		HideSolutionNode = FALSE
	EndGlobalSection
	GlobalSection(ExtensibilityGlobals) = postSolution
		SolutionGuid = {60B12DEE-6986-4EDB-A2FC-DF95E2EF7CA8}
	EndGlobalSection
EndGlobal
